// !$*UTF8*$!
{
	archiveVersion = 1;
	classes = {
	};
	objectVersion = 46;
	objects = {

/* Begin PBXBuildFile section */
		5B984ECB1E50C5150012B261 /* main.m in Sources */ = {isa = PBXBuildFile; fileRef = 5B984ECA1E50C5150012B261 /* main.m */; };
		5B984ECE1E50C5150012B261 /* AppDelegate.m in Sources */ = {isa = PBXBuildFile; fileRef = 5B984ECD1E50C5150012B261 /* AppDelegate.m */; };
		5B984ED11E50C5150012B261 /* ViewController.m in Sources */ = {isa = PBXBuildFile; fileRef = 5B984ED01E50C5150012B261 /* ViewController.m */; };
		5B984ED41E50C5150012B261 /* Main.storyboard in Resources */ = {isa = PBXBuildFile; fileRef = 5B984ED21E50C5150012B261 /* Main.storyboard */; };
		5B984ED61E50C5150012B261 /* Assets.xcassets in Resources */ = {isa = PBXBuildFile; fileRef = 5B984ED51E50C5150012B261 /* Assets.xcassets */; };
		5B984ED91E50C5150012B261 /* LaunchScreen.storyboard in Resources */ = {isa = PBXBuildFile; fileRef = 5B984ED71E50C5150012B261 /* LaunchScreen.storyboard */; };
		5B984EE41E50C5150012B261 /* Labb2Tests.m in Sources */ = {isa = PBXBuildFile; fileRef = 5B984EE31E50C5150012B261 /* Labb2Tests.m */; };
		5B984EEF1E50C5150012B261 /* Labb2UITests.m in Sources */ = {isa = PBXBuildFile; fileRef = 5B984EEE1E50C5150012B261 /* Labb2UITests.m */; };
		5B984EFE1E50C5540012B261 /* Model.m in Sources */ = {isa = PBXBuildFile; fileRef = 5B984EFD1E50C5540012B261 /* Model.m */; };
/* End PBXBuildFile section */

/* Begin PBXContainerItemProxy section */
		5B984EE01E50C5150012B261 /* PBXContainerItemProxy */ = {
			isa = PBXContainerItemProxy;
			containerPortal = 5B984EBE1E50C5150012B261 /* Project object */;
			proxyType = 1;
			remoteGlobalIDString = 5B984EC51E50C5150012B261;
			remoteInfo = Labb2;
		};
		5B984EEB1E50C5150012B261 /* PBXContainerItemProxy */ = {
			isa = PBXContainerItemProxy;
			containerPortal = 5B984EBE1E50C5150012B261 /* Project object */;
			proxyType = 1;
			remoteGlobalIDString = 5B984EC51E50C5150012B261;
			remoteInfo = Labb2;
		};
/* End PBXContainerItemProxy section */

/* Begin PBXFileReference section */
		5B984EC61E50C5150012B261 /* Labb2.app */ = {isa = PBXFileReference; explicitFileType = wrapper.application; includeInIndex = 0; path = Labb2.app; sourceTree = BUILT_PRODUCTS_DIR; };
		5B984ECA1E50C5150012B261 /* main.m */ = {isa = PBXFileReference; lastKnownFileType = sourcecode.c.objc; path = main.m; sourceTree = "<group>"; };
		5B984ECC1E50C5150012B261 /* AppDelegate.h */ = {isa = PBXFileReference; lastKnownFileType = sourcecode.c.h; path = AppDelegate.h; sourceTree = "<group>"; };
		5B984ECD1E50C5150012B261 /* AppDelegate.m */ = {isa = PBXFileReference; lastKnownFileType = sourcecode.c.objc; path = AppDelegate.m; sourceTree = "<group>"; };
		5B984ECF1E50C5150012B261 /* ViewController.h */ = {isa = PBXFileReference; lastKnownFileType = sourcecode.c.h; path = ViewController.h; sourceTree = "<group>"; };
		5B984ED01E50C5150012B261 /* ViewController.m */ = {isa = PBXFileReference; lastKnownFileType = sourcecode.c.objc; path = ViewController.m; sourceTree = "<group>"; };
		5B984ED31E50C5150012B261 /* Base */ = {isa = PBXFileReference; lastKnownFileType = file.storyboard; name = Base; path = Base.lproj/Main.storyboard; sourceTree = "<group>"; };
		5B984ED51E50C5150012B261 /* Assets.xcassets */ = {isa = PBXFileReference; lastKnownFileType = folder.assetcatalog; path = Assets.xcassets; sourceTree = "<group>"; };
		5B984ED81E50C5150012B261 /* Base */ = {isa = PBXFileReference; lastKnownFileType = file.storyboard; name = Base; path = Base.lproj/LaunchScreen.storyboard; sourceTree = "<group>"; };
		5B984EDA1E50C5150012B261 /* Info.plist */ = {isa = PBXFileReference; lastKnownFileType = text.plist.xml; path = Info.plist; sourceTree = "<group>"; };
		5B984EDF1E50C5150012B261 /* Labb2Tests.xctest */ = {isa = PBXFileReference; explicitFileType = wrapper.cfbundle; includeInIndex = 0; path = Labb2Tests.xctest; sourceTree = BUILT_PRODUCTS_DIR; };
		5B984EE31E50C5150012B261 /* Labb2Tests.m */ = {isa = PBXFileReference; lastKnownFileType = sourcecode.c.objc; path = Labb2Tests.m; sourceTree = "<group>"; };
		5B984EE51E50C5150012B261 /* Info.plist */ = {isa = PBXFileReference; lastKnownFileType = text.plist.xml; path = Info.plist; sourceTree = "<group>"; };
		5B984EEA1E50C5150012B261 /* Labb2UITests.xctest */ = {isa = PBXFileReference; explicitFileType = wrapper.cfbundle; includeInIndex = 0; path = Labb2UITests.xctest; sourceTree = BUILT_PRODUCTS_DIR; };
		5B984EEE1E50C5150012B261 /* Labb2UITests.m */ = {isa = PBXFileReference; lastKnownFileType = sourcecode.c.objc; path = Labb2UITests.m; sourceTree = "<group>"; };
		5B984EF01E50C5150012B261 /* Info.plist */ = {isa = PBXFileReference; lastKnownFileType = text.plist.xml; path = Info.plist; sourceTree = "<group>"; };
		5B984EFC1E50C5540012B261 /* Model.h */ = {isa = PBXFileReference; fileEncoding = 4; lastKnownFileType = sourcecode.c.h; path = Model.h; sourceTree = "<group>"; };
		5B984EFD1E50C5540012B261 /* Model.m */ = {isa = PBXFileReference; fileEncoding = 4; lastKnownFileType = sourcecode.c.objc; path = Model.m; sourceTree = "<group>"; };
/* End PBXFileReference section */

/* Begin PBXFrameworksBuildPhase section */
		5B984EC31E50C5150012B261 /* Frameworks */ = {
			isa = PBXFrameworksBuildPhase;
			buildActionMask = 2147483647;
			files = (
			);
			runOnlyForDeploymentPostprocessing = 0;
		};
		5B984EDC1E50C5150012B261 /* Frameworks */ = {
			isa = PBXFrameworksBuildPhase;
			buildActionMask = 2147483647;
			files = (
			);
			runOnlyForDeploymentPostprocessing = 0;
		};
		5B984EE71E50C5150012B261 /* Frameworks */ = {
			isa = PBXFrameworksBuildPhase;
			buildActionMask = 2147483647;
			files = (
			);
			runOnlyForDeploymentPostprocessing = 0;
		};
/* End PBXFrameworksBuildPhase section */

/* Begin PBXGroup section */
		5B984EBD1E50C5150012B261 = {
			isa = PBXGroup;
			children = (
				5B984EC81E50C5150012B261 /* Labb2 */,
				5B984EE21E50C5150012B261 /* Labb2Tests */,
				5B984EED1E50C5150012B261 /* Labb2UITests */,
				5B984EC71E50C5150012B261 /* Products */,
			);
			sourceTree = "<group>";
		};
		5B984EC71E50C5150012B261 /* Products */ = {
			isa = PBXGroup;
			children = (
				5B984EC61E50C5150012B261 /* Labb2.app */,
				5B984EDF1E50C5150012B261 /* Labb2Tests.xctest */,
				5B984EEA1E50C5150012B261 /* Labb2UITests.xctest */,
			);
			name = Products;
			sourceTree = "<group>";
		};
		5B984EC81E50C5150012B261 /* Labb2 */ = {
			isa = PBXGroup;
			children = (
				5B984ECC1E50C5150012B261 /* AppDelegate.h */,
				5B984ECD1E50C5150012B261 /* AppDelegate.m */,
				5B984ECF1E50C5150012B261 /* ViewController.h */,
				5B984ED01E50C5150012B261 /* ViewController.m */,
				5B984ED21E50C5150012B261 /* Main.storyboard */,
				5B984ED51E50C5150012B261 /* Assets.xcassets */,
				5B984ED71E50C5150012B261 /* LaunchScreen.storyboard */,
				5B984EDA1E50C5150012B261 /* Info.plist */,
				5B984EC91E50C5150012B261 /* Supporting Files */,
				5B984EFC1E50C5540012B261 /* Model.h */,
				5B984EFD1E50C5540012B261 /* Model.m */,
			);
			path = Labb2;
			sourceTree = "<group>";
		};
		5B984EC91E50C5150012B261 /* Supporting Files */ = {
			isa = PBXGroup;
			children = (
				5B984ECA1E50C5150012B261 /* main.m */,
			);
			name = "Supporting Files";
			sourceTree = "<group>";
		};
		5B984EE21E50C5150012B261 /* Labb2Tests */ = {
			isa = PBXGroup;
			children = (
				5B984EE31E50C5150012B261 /* Labb2Tests.m */,
				5B984EE51E50C5150012B261 /* Info.plist */,
			);
			path = Labb2Tests;
			sourceTree = "<group>";
		};
		5B984EED1E50C5150012B261 /* Labb2UITests */ = {
			isa = PBXGroup;
			children = (
				5B984EEE1E50C5150012B261 /* Labb2UITests.m */,
				5B984EF01E50C5150012B261 /* Info.plist */,
			);
			path = Labb2UITests;
			sourceTree = "<group>";
		};
/* End PBXGroup section */

/* Begin PBXNativeTarget section */
		5B984EC51E50C5150012B261 /* Labb2 */ = {
			isa = PBXNativeTarget;
			buildConfigurationList = 5B984EF31E50C5150012B261 /* Build configuration list for PBXNativeTarget "Labb2" */;
			buildPhases = (
				5B984EC21E50C5150012B261 /* Sources */,
				5B984EC31E50C5150012B261 /* Frameworks */,
				5B984EC41E50C5150012B261 /* Resources */,
			);
			buildRules = (
			);
			dependencies = (
			);
			name = Labb2;
			productName = Labb2;
			productReference = 5B984EC61E50C5150012B261 /* Labb2.app */;
			productType = "com.apple.product-type.application";
		};
		5B984EDE1E50C5150012B261 /* Labb2Tests */ = {
			isa = PBXNativeTarget;
			buildConfigurationList = 5B984EF61E50C5150012B261 /* Build configuration list for PBXNativeTarget "Labb2Tests" */;
			buildPhases = (
				5B984EDB1E50C5150012B261 /* Sources */,
				5B984EDC1E50C5150012B261 /* Frameworks */,
				5B984EDD1E50C5150012B261 /* Resources */,
			);
			buildRules = (
			);
			dependencies = (
				5B984EE11E50C5150012B261 /* PBXTargetDependency */,
			);
			name = Labb2Tests;
			productName = Labb2Tests;
			productReference = 5B984EDF1E50C5150012B261 /* Labb2Tests.xctest */;
			productType = "com.apple.product-type.bundle.unit-test";
		};
		5B984EE91E50C5150012B261 /* Labb2UITests */ = {
			isa = PBXNativeTarget;
			buildConfigurationList = 5B984EF91E50C5150012B261 /* Build configuration list for PBXNativeTarget "Labb2UITests" */;
			buildPhases = (
				5B984EE61E50C5150012B261 /* Sources */,
				5B984EE71E50C5150012B261 /* Frameworks */,
				5B984EE81E50C5150012B261 /* Resources */,
			);
			buildRules = (
			);
			dependencies = (
				5B984EEC1E50C5150012B261 /* PBXTargetDependency */,
			);
			name = Labb2UITests;
			productName = Labb2UITests;
			productReference = 5B984EEA1E50C5150012B261 /* Labb2UITests.xctest */;
			productType = "com.apple.product-type.bundle.ui-testing";
		};
/* End PBXNativeTarget section */

/* Begin PBXProject section */
		5B984EBE1E50C5150012B261 /* Project object */ = {
			isa = PBXProject;
			attributes = {
				LastUpgradeCheck = 0820;
				ORGANIZATIONNAME = "Samantha Morrison";
				TargetAttributes = {
					5B984EC51E50C5150012B261 = {
						CreatedOnToolsVersion = 8.2.1;
						ProvisioningStyle = Automatic;
					};
					5B984EDE1E50C5150012B261 = {
						CreatedOnToolsVersion = 8.2.1;
						ProvisioningStyle = Automatic;
						TestTargetID = 5B984EC51E50C5150012B261;
					};
					5B984EE91E50C5150012B261 = {
						CreatedOnToolsVersion = 8.2.1;
						ProvisioningStyle = Automatic;
						TestTargetID = 5B984EC51E50C5150012B261;
					};
				};
			};
			buildConfigurationList = 5B984EC11E50C5150012B261 /* Build configuration list for PBXProject "Labb2" */;
			compatibilityVersion = "Xcode 3.2";
			developmentRegion = English;
			hasScannedForEncodings = 0;
			knownRegions = (
				en,
				Base,
			);
			mainGroup = 5B984EBD1E50C5150012B261;
			productRefGroup = 5B984EC71E50C5150012B261 /* Products */;
			projectDirPath = "";
			projectRoot = "";
			targets = (
				5B984EC51E50C5150012B261 /* Labb2 */,
				5B984EDE1E50C5150012B261 /* Labb2Tests */,
				5B984EE91E50C5150012B261 /* Labb2UITests */,
			);
		};
/* End PBXProject section */

/* Begin PBXResourcesBuildPhase section */
		5B984EC41E50C5150012B261 /* Resources */ = {
			isa = PBXResourcesBuildPhase;
			buildActionMask = 2147483647;
			files = (
				5B984ED91E50C5150012B261 /* LaunchScreen.storyboard in Resources */,
				5B984ED61E50C5150012B261 /* Assets.xcassets in Resources */,
				5B984ED41E50C5150012B261 /* Main.storyboard in Resources */,
			);
			runOnlyForDeploymentPostprocessing = 0;
		};
		5B984EDD1E50C5150012B261 /* Resources */ = {
			isa = PBXResourcesBuildPhase;
			buildActionMask = 2147483647;
			files = (
			);
			runOnlyForDeploymentPostprocessing = 0;
		};
		5B984EE81E50C5150012B261 /* Resources */ = {
			isa = PBXResourcesBuildPhase;
			buildActionMask = 2147483647;
			files = (
			);
			runOnlyForDeploymentPostprocessing = 0;
		};
/* End PBXResourcesBuildPhase section */

/* Begin PBXSourcesBuildPhase section */
		5B984EC21E50C5150012B261 /* Sources */ = {
			isa = PBXSourcesBuildPhase;
			buildActionMask = 2147483647;
			files = (
				5B984ED11E50C5150012B261 /* ViewController.m in Sources */,
				5B984ECE1E50C5150012B261 /* AppDelegate.m in Sources */,
				5B984ECB1E50C5150012B261 /* main.m in Sources */,
				5B984EFE1E50C5540012B261 /* Model.m in Sources */,
			);
			runOnlyForDeploymentPostprocessing = 0;
		};
		5B984EDB1E50C5150012B261 /* Sources */ = {
			isa = PBXSourcesBuildPhase;
			buildActionMask = 2147483647;
			files = (
				5B984EE41E50C5150012B261 /* Labb2Tests.m in Sources */,
			);
			runOnlyForDeploymentPostprocessing = 0;
		};
		5B984EE61E50C5150012B261 /* Sources */ = {
			isa = PBXSourcesBuildPhase;
			buildActionMask = 2147483647;
			files = (
				5B984EEF1E50C5150012B261 /* Labb2UITests.m in Sources */,
			);
			runOnlyForDeploymentPostprocessing = 0;
		};
/* End PBXSourcesBuildPhase section */

/* Begin PBXTargetDependency section */
		5B984EE11E50C5150012B261 /* PBXTargetDependency */ = {
			isa = PBXTargetDependency;
			target = 5B984EC51E50C5150012B261 /* Labb2 */;
			targetProxy = 5B984EE01E50C5150012B261 /* PBXContainerItemProxy */;
		};
		5B984EEC1E50C5150012B261 /* PBXTargetDependency */ = {
			isa = PBXTargetDependency;
			target = 5B984EC51E50C5150012B261 /* Labb2 */;
			targetProxy = 5B984EEB1E50C5150012B261 /* PBXContainerItemProxy */;
		};
/* End PBXTargetDependency section */

/* Begin PBXVariantGroup section */
		5B984ED21E50C5150012B261 /* Main.storyboard */ = {
			isa = PBXVariantGroup;
			children = (
				5B984ED31E50C5150012B261 /* Base */,
			);
			name = Main.storyboard;
			sourceTree = "<group>";
		};
		5B984ED71E50C5150012B261 /* LaunchScreen.storyboard */ = {
			isa = PBXVariantGroup;
			children = (
				5B984ED81E50C5150012B261 /* Base */,
			);
			name = LaunchScreen.storyboard;
			sourceTree = "<group>";
		};
/* End PBXVariantGroup section */

/* Begin XCBuildConfiguration section */
		5B984EF11E50C5150012B261 /* Debug */ = {
			isa = XCBuildConfiguration;
			buildSettings = {
				ALWAYS_SEARCH_USER_PATHS = NO;
				CLANG_ANALYZER_NONNULL = YES;
				CLANG_CXX_LANGUAGE_STANDARD = "gnu++0x";
				CLANG_CXX_LIBRARY = "libc++";
				CLANG_ENABLE_MODULES = YES;
				CLANG_ENABLE_OBJC_ARC = YES;
				CLANG_WARN_BOOL_CONVERSION = YES;
				CLANG_WARN_CONSTANT_CONVERSION = YES;
				CLANG_WARN_DIRECT_OBJC_ISA_USAGE = YES_ERROR;
				CLANG_WARN_DOCUMENTATION_COMMENTS = YES;
				CLANG_WARN_EMPTY_BODY = YES;
				CLANG_WARN_ENUM_CONVERSION = YES;
				CLANG_WARN_INFINITE_RECURSION = YES;
				CLANG_WARN_INT_CONVERSION = YES;
				CLANG_WARN_OBJC_ROOT_CLASS = YES_ERROR;
				CLANG_WARN_SUSPICIOUS_MOVE = YES;
				CLANG_WARN_UNREACHABLE_CODE = YES;
				CLANG_WARN__DUPLICATE_METHOD_MATCH = YES;
				"CODE_SIGN_IDENTITY[sdk=iphoneos*]" = "iPhone Developer";
				COPY_PHASE_STRIP = NO;
				DEBUG_INFORMATION_FORMAT = dwarf;
				ENABLE_STRICT_OBJC_MSGSEND = YES;
				ENABLE_TESTABILITY = YES;
				GCC_C_LANGUAGE_STANDARD = gnu99;
				GCC_DYNAMIC_NO_PIC = NO;
				GCC_NO_COMMON_BLOCKS = YES;
				GCC_OPTIMIZATION_LEVEL = 0;
				GCC_PREPROCESSOR_DEFINITIONS = (
					"DEBUG=1",
					"$(inherited)",
				);
				GCC_WARN_64_TO_32_BIT_CONVERSION = YES;
				GCC_WARN_ABOUT_RETURN_TYPE = YES_ERROR;
				GCC_WARN_UNDECLARED_SELECTOR = YES;
				GCC_WARN_UNINITIALIZED_AUTOS = YES_AGGRESSIVE;
				GCC_WARN_UNUSED_FUNCTION = YES;
				GCC_WARN_UNUSED_VARIABLE = YES;
				IPHONEOS_DEPLOYMENT_TARGET = 10.2;
				MTL_ENABLE_DEBUG_INFO = YES;
				ONLY_ACTIVE_ARCH = YES;
				SDKROOT = iphoneos;
			};
			name = Debug;
		};
		5B984EF21E50C5150012B261 /* Release */ = {
			isa = XCBuildConfiguration;
			buildSettings = {
				ALWAYS_SEARCH_USER_PATHS = NO;
				CLANG_ANALYZER_NONNULL = YES;
				CLANG_CXX_LANGUAGE_STANDARD = "gnu++0x";
				CLANG_CXX_LIBRARY = "libc++";
				CLANG_ENABLE_MODULES = YES;
				CLANG_ENABLE_OBJC_ARC = YES;
				CLANG_WARN_BOOL_CONVERSION = YES;
				CLANG_WARN_CONSTANT_CONVERSION = YES;
				CLANG_WARN_DIRECT_OBJC_ISA_USAGE = YES_ERROR;
				CLANG_WARN_DOCUMENTATION_COMMENTS = YES;
				CLANG_WARN_EMPTY_BODY = YES;
				CLANG_WARN_ENUM_CONVERSION = YES;
				CLANG_WARN_INFINITE_RECURSION = YES;
				CLANG_WARN_INT_CONVERSION = YES;
				CLANG_WARN_OBJC_ROOT_CLASS = YES_ERROR;
				CLANG_WARN_SUSPICIOUS_MOVE = YES;
				CLANG_WARN_UNREACHABLE_CODE = YES;
				CLANG_WARN__DUPLICATE_METHOD_MATCH = YES;
				"CODE_SIGN_IDENTITY[sdk=iphoneos*]" = "iPhone Developer";
				COPY_PHASE_STRIP = NO;
				DEBUG_INFORMATION_FORMAT = "dwarf-with-dsym";
				ENABLE_NS_ASSERTIONS = NO;
				ENABLE_STRICT_OBJC_MSGSEND = YES;
				GCC_C_LANGUAGE_STANDARD = gnu99;
				GCC_NO_COMMON_BLOCKS = YES;
				GCC_WARN_64_TO_32_BIT_CONVERSION = YES;
				GCC_WARN_ABOUT_RETURN_TYPE = YES_ERROR;
				GCC_WARN_UNDECLARED_SELECTOR = YES;
				GCC_WARN_UNINITIALIZED_AUTOS = YES_AGGRESSIVE;
				GCC_WARN_UNUSED_FUNCTION = YES;
				GCC_WARN_UNUSED_VARIABLE = YES;
				IPHONEOS_DEPLOYMENT_TARGET = 10.2;
				MTL_ENABLE_DEBUG_INFO = NO;
				SDKROOT = iphoneos;
				VALIDATE_PRODUCT = YES;
			};
			name = Release;
		};
		5B984EF41E50C5150012B261 /* Debug */ = {
			isa = XCBuildConfiguration;
			buildSettings = {
				ASSETCATALOG_COMPILER_APPICON_NAME = AppIcon;
				INFOPLIST_FILE = Labb2/Info.plist;
				LD_RUNPATH_SEARCH_PATHS = "$(inherited) @executable_path/Frameworks";
				PRODUCT_BUNDLE_IDENTIFIER = SM.Labb2;
				PRODUCT_NAME = "$(TARGET_NAME)";
			};
			name = Debug;
		};
		5B984EF51E50C5150012B261 /* Release */ = {
			isa = XCBuildConfiguration;
			buildSettings = {
				ASSETCATALOG_COMPILER_APPICON_NAME = AppIcon;
				INFOPLIST_FILE = Labb2/Info.plist;
				LD_RUNPATH_SEARCH_PATHS = "$(inherited) @executable_path/Frameworks";
				PRODUCT_BUNDLE_IDENTIFIER = SM.Labb2;
				PRODUCT_NAME = "$(TARGET_NAME)";
			};
			name = Release;
		};
		5B984EF71E50C5150012B261 /* Debug */ = {
			isa = XCBuildConfiguration;
			buildSettings = {
				BUNDLE_LOADER = "$(TEST_HOST)";
				INFOPLIST_FILE = Labb2Tests/Info.plist;
				LD_RUNPATH_SEARCH_PATHS = "$(inherited) @executable_path/Frameworks @loader_path/Frameworks";
				PRODUCT_BUNDLE_IDENTIFIER = SM.Labb2Tests;
				PRODUCT_NAME = "$(TARGET_NAME)";
				TEST_HOST = "$(BUILT_PRODUCTS_DIR)/Labb2.app/Labb2";
			};
			name = Debug;
		};
		5B984EF81E50C5150012B261 /* Release */ = {
			isa = XCBuildConfiguration;
			buildSettings = {
				BUNDLE_LOADER = "$(TEST_HOST)";
				INFOPLIST_FILE = Labb2Tests/Info.plist;
				LD_RUNPATH_SEARCH_PATHS = "$(inherited) @executable_path/Frameworks @loader_path/Frameworks";
				PRODUCT_BUNDLE_IDENTIFIER = SM.Labb2Tests;
				PRODUCT_NAME = "$(TARGET_NAME)";
				TEST_HOST = "$(BUILT_PRODUCTS_DIR)/Labb2.app/Labb2";
			};
			name = Release;
		};
		5B984EFA1E50C5150012B261 /* Debug */ = {
			isa = XCBuildConfiguration;
			buildSettings = {
				INFOPLIST_FILE = Labb2UITests/Info.plist;
				LD_RUNPATH_SEARCH_PATHS = "$(inherited) @executable_path/Frameworks @loader_path/Frameworks";
				PRODUCT_BUNDLE_IDENTIFIER = SM.Labb2UITests;
				PRODUCT_NAME = "$(TARGET_NAME)";
				TEST_TARGET_NAME = Labb2;
			};
			name = Debug;
		};
		5B984EFB1E50C5150012B261 /* Release */ = {
			isa = XCBuildConfiguration;
			buildSettings = {
				INFOPLIST_FILE = Labb2UITests/Info.plist;
				LD_RUNPATH_SEARCH_PATHS = "$(inherited) @executable_path/Frameworks @loader_path/Frameworks";
				PRODUCT_BUNDLE_IDENTIFIER = SM.Labb2UITests;
				PRODUCT_NAME = "$(TARGET_NAME)";
				TEST_TARGET_NAME = Labb2;
			};
			name = Release;
		};
/* End XCBuildConfiguration section */

/* Begin XCConfigurationList section */
		5B984EC11E50C5150012B261 /* Build configuration list for PBXProject "Labb2" */ = {
			isa = XCConfigurationList;
			buildConfigurations = (
				5B984EF11E50C5150012B261 /* Debug */,
				5B984EF21E50C5150012B261 /* Release */,
			);
			defaultConfigurationIsVisible = 0;
			defaultConfigurationName = Release;
		};
		5B984EF31E50C5150012B261 /* Build configuration list for PBXNativeTarget "Labb2" */ = {
			isa = XCConfigurationList;
			buildConfigurations = (
				5B984EF41E50C5150012B261 /* Debug */,
				5B984EF51E50C5150012B261 /* Release */,
			);
			defaultConfigurationIsVisible = 0;
		};
		5B984EF61E50C5150012B261 /* Build configuration list for PBXNativeTarget "Labb2Tests" */ = {
			isa = XCConfigurationList;
			buildConfigurations = (
				5B984EF71E50C5150012B261 /* Debug */,
				5B984EF81E50C5150012B261 /* Release */,
			);
			defaultConfigurationIsVisible = 0;
		};
		5B984EF91E50C5150012B261 /* Build configuration list for PBXNativeTarget "Labb2UITests" */ = {
			isa = XCConfigurationList;
			buildConfigurations = (
				5B984EFA1E50C5150012B261 /* Debug */,
				5B984EFB1E50C5150012B261 /* Release */,
			);
			defaultConfigurationIsVisible = 0;
		};
/* End XCConfigurationList section */
	};
	rootObject = 5B984EBE1E50C5150012B261 /* Project object */;
}
